{
  "nodes": {
    "backend": {
      "flake": false,
      "locked": {
        "lastModified": 1714162491,
        "narHash": "sha256-ncbQIX1XB2XL8lRrIyVzvloev/yuMAeT7O2S1sky1No=",
        "owner": "TeamPiped",
        "repo": "Piped-Backend",
        "rev": "d67e50b5b8aa1b44930574cf67a420f75a08d1e2",
        "type": "github"
      },
      "original": {
        "owner": "TeamPiped",
        "repo": "Piped-Backend",
        "type": "github"
      }
    },
    "flake-utils": {
      "inputs": {
        "systems": "systems"
      },
      "locked": {
        "lastModified": 1710146030,
        "narHash": "sha256-SZ5L6eA7HJ/nmkzGG7/ISclqe6oZdOZTNoesiInkXPQ=",
        "owner": "numtide",
        "repo": "flake-utils",
        "rev": "b1d9ab70662946ef0850d488da1c9019f3a9752a",
        "type": "github"
      },
      "original": {
        "owner": "numtide",
        "repo": "flake-utils",
        "type": "github"
      }
    },
    "flake-utils_2": {
      "inputs": {
        "systems": "systems_2"
      },
      "locked": {
        "lastModified": 1701680307,
        "narHash": "sha256-kAuep2h5ajznlPMD9rnQyffWG8EM/C73lejGofXvdM8=",
        "owner": "numtide",
        "repo": "flake-utils",
        "rev": "4022d587cbbfd70fe950c1e2083a02621806a725",
        "type": "github"
      },
      "original": {
        "owner": "numtide",
        "repo": "flake-utils",
        "type": "github"
      }
    },
    "frontend": {
      "flake": false,
      "locked": {
        "lastModified": 1718309400,
        "narHash": "sha256-Wn/urKTWGFFeVVuOr5w4neTdWsJmTMuJHCBV+0i/uVM=",
        "owner": "TeamPiped",
        "repo": "Piped",
        "rev": "1c824b1dad5daeeb53b21e7bd403c058bbc84fcc",
        "type": "github"
      },
      "original": {
        "owner": "TeamPiped",
        "repo": "Piped",
        "type": "github"
      }
    },
    "gradle2nix": {
      "inputs": {
        "flake-utils": "flake-utils",
        "nixpkgs": "nixpkgs"
      },
      "locked": {
        "lastModified": 1718318532,
        "narHash": "sha256-JU9ZbTDRhrnbsikMw67KNNjAUJVp2/ApjXa4i34dCp8=",
        "owner": "tadfisher",
        "repo": "gradle2nix",
        "rev": "9c9ef07341f5ce842dce3cab97a77852f06552fd",
        "type": "github"
      },
      "original": {
        "owner": "tadfisher",
        "ref": "v2",
        "repo": "gradle2nix",
        "type": "github"
      }
    },
    "nixpkgs": {
      "locked": {
        "lastModified": 1718160348,
        "narHash": "sha256-9YrUjdztqi4Gz8n3mBuqvCkMo4ojrA6nASwyIKWMpus=",
        "owner": "NixOS",
        "repo": "nixpkgs",
        "rev": "57d6973abba7ea108bac64ae7629e7431e0199b6",
        "type": "github"
      },
      "original": {
        "owner": "NixOS",
        "ref": "nixos-unstable",
        "repo": "nixpkgs",
        "type": "github"
      }
    },
    "nixpkgs_2": {
      "locked": {
        "lastModified": 1718060059,
        "narHash": "sha256-9XKFni8VMXo81RTq9XygCyaO3I/7UKpwIlM/yn0MdcM=",
        "owner": "NixOS",
        "repo": "nixpkgs",
        "rev": "a3c8d64ba846725f040582b2d3b875466d2115bd",
        "type": "github"
      },
      "original": {
        "owner": "NixOS",
        "ref": "nixos-23.11",
        "repo": "nixpkgs",
        "type": "github"
      }
    },
    "nixpkgs_3": {
      "locked": {
        "lastModified": 1702151865,
        "narHash": "sha256-9VAt19t6yQa7pHZLDbil/QctAgVsA66DLnzdRGqDisg=",
        "owner": "nixos",
        "repo": "nixpkgs",
        "rev": "666fc80e7b2afb570462423cb0e1cf1a3a34fedd",
        "type": "github"
      },
      "original": {
        "owner": "nixos",
        "ref": "nixos-unstable",
        "repo": "nixpkgs",
        "type": "github"
      }
    },
    "pnpm2nix": {
      "inputs": {
        "flake-utils": "flake-utils_2",
        "nixpkgs": "nixpkgs_3"
      },
      "locked": {
        "lastModified": 1706694632,
        "narHash": "sha256-ytyTwNPiUR8aq74QlxFI+Wv3MyvXz5POO1xZxQIoi0c=",
        "owner": "nzbr",
        "repo": "pnpm2nix-nzbr",
        "rev": "0366b7344171accc2522525710e52a8abbf03579",
        "type": "github"
      },
      "original": {
        "owner": "nzbr",
        "repo": "pnpm2nix-nzbr",
        "type": "github"
      }
    },
    "proxy": {
      "flake": false,
      "locked": {
        "lastModified": 1717979969,
        "narHash": "sha256-ACxs8uwKJxS6pTJEsXfZL4KE/80XdkaAAbyIfq7NEkc=",
        "owner": "TeamPiped",
        "repo": "piped-proxy",
        "rev": "841b5457341ea23f4cd5f70e81247bfe2e5b2126",
        "type": "github"
      },
      "original": {
        "owner": "TeamPiped",
        "repo": "piped-proxy",
        "type": "github"
      }
    },
    "root": {
      "inputs": {
        "backend": "backend",
        "frontend": "frontend",
        "gradle2nix": "gradle2nix",
        "nixpkgs": "nixpkgs_2",
        "pnpm2nix": "pnpm2nix",
        "proxy": "proxy"
      }
    },
    "systems": {
      "locked": {
        "lastModified": 1681028828,
        "narHash": "sha256-Vy1rq5AaRuLzOxct8nz4T6wlgyUR7zLU309k9mBC768=",
        "owner": "nix-systems",
        "repo": "default",
        "rev": "da67096a3b9bf56a91d16901293e51ba5b49a27e",
        "type": "github"
      },
      "original": {
        "owner": "nix-systems",
        "repo": "default",
        "type": "github"
      }
    },
    "systems_2": {
      "locked": {
        "lastModified": 1681028828,
        "narHash": "sha256-Vy1rq5AaRuLzOxct8nz4T6wlgyUR7zLU309k9mBC768=",
        "owner": "nix-systems",
        "repo": "default",
        "rev": "da67096a3b9bf56a91d16901293e51ba5b49a27e",
        "type": "github"
      },
      "original": {
        "owner": "nix-systems",
        "repo": "default",
        "type": "github"
      }
    }
  },
  "root": "root",
  "version": 7
}
