{
  "nodes": {
    "backend": {
      "flake": false,
      "locked": {
        "lastModified": 1710442365,
        "narHash": "sha256-uSxO2GgsZwSxFpPacWnfOHyhDx8gGNwiRdhl4nl+jqE=",
        "owner": "TeamPiped",
        "repo": "Piped-Backend",
        "rev": "25a49ce137ecea7b8d27ede4545bc51a0d6858b2",
        "type": "github"
      },
      "original": {
        "owner": "TeamPiped",
        "repo": "Piped-Backend",
        "type": "github"
      }
    },
    "flake-utils": {
      "inputs": {
        "systems": "systems"
      },
      "locked": {
        "lastModified": 1701680307,
        "narHash": "sha256-kAuep2h5ajznlPMD9rnQyffWG8EM/C73lejGofXvdM8=",
        "owner": "numtide",
        "repo": "flake-utils",
        "rev": "4022d587cbbfd70fe950c1e2083a02621806a725",
        "type": "github"
      },
      "original": {
        "owner": "numtide",
        "repo": "flake-utils",
        "type": "github"
      }
    },
    "frontend": {
      "flake": false,
      "locked": {
        "lastModified": 1710443005,
        "narHash": "sha256-jGfORqWBDEAXaDo/cvsN1mf4F/NssLexSUxaetoR+aw=",
        "owner": "TeamPiped",
        "repo": "Piped",
        "rev": "116a1ba03b79c897d3a6b54cc31108f297623b4a",
        "type": "github"
      },
      "original": {
        "owner": "TeamPiped",
        "repo": "Piped",
        "type": "github"
      }
    },
    "nixpkgs": {
      "locked": {
        "lastModified": 1710420202,
        "narHash": "sha256-MvFKESbq4rUWuaf2RKPNYENaSZEw/jaCLo2gU6oREcM=",
        "owner": "NixOS",
        "repo": "nixpkgs",
        "rev": "878ef7d9721bee9f81f8a80819f9211ad1f993da",
        "type": "github"
      },
      "original": {
        "owner": "NixOS",
        "ref": "nixos-23.11",
        "repo": "nixpkgs",
        "type": "github"
      }
    },
    "nixpkgs_2": {
      "locked": {
        "lastModified": 1702151865,
        "narHash": "sha256-9VAt19t6yQa7pHZLDbil/QctAgVsA66DLnzdRGqDisg=",
        "owner": "nixos",
        "repo": "nixpkgs",
        "rev": "666fc80e7b2afb570462423cb0e1cf1a3a34fedd",
        "type": "github"
      },
      "original": {
        "owner": "nixos",
        "ref": "nixos-unstable",
        "repo": "nixpkgs",
        "type": "github"
      }
    },
    "pnpm2nix": {
      "inputs": {
        "flake-utils": "flake-utils",
        "nixpkgs": "nixpkgs_2"
      },
      "locked": {
        "lastModified": 1706694632,
        "narHash": "sha256-ytyTwNPiUR8aq74QlxFI+Wv3MyvXz5POO1xZxQIoi0c=",
        "owner": "nzbr",
        "repo": "pnpm2nix-nzbr",
        "rev": "0366b7344171accc2522525710e52a8abbf03579",
        "type": "github"
      },
      "original": {
        "owner": "nzbr",
        "repo": "pnpm2nix-nzbr",
        "type": "github"
      }
    },
    "proxy": {
      "flake": false,
      "locked": {
        "lastModified": 1710427441,
        "narHash": "sha256-FbPJYqc+D/XngJ4wUdX7lt+Xi5IeEGurFcN3u5p36jE=",
        "owner": "TeamPiped",
        "repo": "piped-proxy",
        "rev": "35de41cd870057eb02e3a58560bd1882c2359c22",
        "type": "github"
      },
      "original": {
        "owner": "TeamPiped",
        "repo": "piped-proxy",
        "type": "github"
      }
    },
    "root": {
      "inputs": {
        "backend": "backend",
        "frontend": "frontend",
        "nixpkgs": "nixpkgs",
        "pnpm2nix": "pnpm2nix",
        "proxy": "proxy"
      }
    },
    "systems": {
      "locked": {
        "lastModified": 1681028828,
        "narHash": "sha256-Vy1rq5AaRuLzOxct8nz4T6wlgyUR7zLU309k9mBC768=",
        "owner": "nix-systems",
        "repo": "default",
        "rev": "da67096a3b9bf56a91d16901293e51ba5b49a27e",
        "type": "github"
      },
      "original": {
        "owner": "nix-systems",
        "repo": "default",
        "type": "github"
      }
    }
  },
  "root": "root",
  "version": 7
}
