{
  "nodes": {
    "backend": {
      "flake": false,
      "locked": {
        "lastModified": 1722095319,
        "narHash": "sha256-8s9Xng+7y92cJ8YUrmhY77tQ89Nzw900AVmOdCkXjag=",
        "owner": "TeamPiped",
        "repo": "Piped-Backend",
        "rev": "01e2cf1456eb8d88d0057828d658ef33d49bd2bc",
        "type": "github"
      },
      "original": {
        "owner": "TeamPiped",
        "repo": "Piped-Backend",
        "type": "github"
      }
    },
    "flake-utils": {
      "inputs": {
        "systems": "systems"
      },
      "locked": {
        "lastModified": 1710146030,
        "narHash": "sha256-SZ5L6eA7HJ/nmkzGG7/ISclqe6oZdOZTNoesiInkXPQ=",
        "owner": "numtide",
        "repo": "flake-utils",
        "rev": "b1d9ab70662946ef0850d488da1c9019f3a9752a",
        "type": "github"
      },
      "original": {
        "owner": "numtide",
        "repo": "flake-utils",
        "type": "github"
      }
    },
    "flake-utils_2": {
      "inputs": {
        "systems": "systems_2"
      },
      "locked": {
        "lastModified": 1701680307,
        "narHash": "sha256-kAuep2h5ajznlPMD9rnQyffWG8EM/C73lejGofXvdM8=",
        "owner": "numtide",
        "repo": "flake-utils",
        "rev": "4022d587cbbfd70fe950c1e2083a02621806a725",
        "type": "github"
      },
      "original": {
        "owner": "numtide",
        "repo": "flake-utils",
        "type": "github"
      }
    },
    "frontend": {
      "flake": false,
      "locked": {
        "lastModified": 1722822616,
        "narHash": "sha256-aeh4D+5lU3Qq0PbDh7EYD4QPj530wAYn1rNjWMoYsRM=",
        "owner": "TeamPiped",
        "repo": "Piped",
        "rev": "dad59e001689d035de1a1d5c5bb4cd7779350634",
        "type": "github"
      },
      "original": {
        "owner": "TeamPiped",
        "repo": "Piped",
        "type": "github"
      }
    },
    "gradle2nix": {
      "inputs": {
        "flake-utils": "flake-utils",
        "nixpkgs": "nixpkgs"
      },
      "locked": {
        "lastModified": 1721151836,
        "narHash": "sha256-v6O9fE2GBoo/i4qrc5co7KckIv5TTamRXrdltjal1Yw=",
        "owner": "tadfisher",
        "repo": "gradle2nix",
        "rev": "b33693bc6b6ebd1c3633435d9d0833f665fb12d1",
        "type": "github"
      },
      "original": {
        "owner": "tadfisher",
        "ref": "v2",
        "repo": "gradle2nix",
        "type": "github"
      }
    },
    "nixpkgs": {
      "locked": {
        "lastModified": 1720957393,
        "narHash": "sha256-oedh2RwpjEa+TNxhg5Je9Ch6d3W1NKi7DbRO1ziHemA=",
        "owner": "NixOS",
        "repo": "nixpkgs",
        "rev": "693bc46d169f5af9c992095736e82c3488bf7dbb",
        "type": "github"
      },
      "original": {
        "owner": "NixOS",
        "ref": "nixos-unstable",
        "repo": "nixpkgs",
        "type": "github"
      }
    },
    "nixpkgs_2": {
      "locked": {
        "lastModified": 1720535198,
        "narHash": "sha256-zwVvxrdIzralnSbcpghA92tWu2DV2lwv89xZc8MTrbg=",
        "owner": "NixOS",
        "repo": "nixpkgs",
        "rev": "205fd4226592cc83fd4c0885a3e4c9c400efabb5",
        "type": "github"
      },
      "original": {
        "owner": "NixOS",
        "ref": "nixos-23.11",
        "repo": "nixpkgs",
        "type": "github"
      }
    },
    "nixpkgs_3": {
      "locked": {
        "lastModified": 1702151865,
        "narHash": "sha256-9VAt19t6yQa7pHZLDbil/QctAgVsA66DLnzdRGqDisg=",
        "owner": "nixos",
        "repo": "nixpkgs",
        "rev": "666fc80e7b2afb570462423cb0e1cf1a3a34fedd",
        "type": "github"
      },
      "original": {
        "owner": "nixos",
        "ref": "nixos-unstable",
        "repo": "nixpkgs",
        "type": "github"
      }
    },
    "pnpm2nix": {
      "inputs": {
        "flake-utils": "flake-utils_2",
        "nixpkgs": "nixpkgs_3"
      },
      "locked": {
        "lastModified": 1706694632,
        "narHash": "sha256-ytyTwNPiUR8aq74QlxFI+Wv3MyvXz5POO1xZxQIoi0c=",
        "owner": "nzbr",
        "repo": "pnpm2nix-nzbr",
        "rev": "0366b7344171accc2522525710e52a8abbf03579",
        "type": "github"
      },
      "original": {
        "owner": "nzbr",
        "repo": "pnpm2nix-nzbr",
        "type": "github"
      }
    },
    "proxy": {
      "flake": false,
      "locked": {
        "lastModified": 1723919223,
        "narHash": "sha256-CxHgjZepjOwF8Vwwc8K9IY4BFfgS+ThFRF9WQMZpetE=",
        "owner": "TeamPiped",
        "repo": "piped-proxy",
        "rev": "baaef0d1cb977101bf2413856e13bcd46efeebcc",
        "type": "github"
      },
      "original": {
        "owner": "TeamPiped",
        "repo": "piped-proxy",
        "type": "github"
      }
    },
    "root": {
      "inputs": {
        "backend": "backend",
        "frontend": "frontend",
        "gradle2nix": "gradle2nix",
        "nixpkgs": "nixpkgs_2",
        "pnpm2nix": "pnpm2nix",
        "proxy": "proxy"
      }
    },
    "systems": {
      "locked": {
        "lastModified": 1681028828,
        "narHash": "sha256-Vy1rq5AaRuLzOxct8nz4T6wlgyUR7zLU309k9mBC768=",
        "owner": "nix-systems",
        "repo": "default",
        "rev": "da67096a3b9bf56a91d16901293e51ba5b49a27e",
        "type": "github"
      },
      "original": {
        "owner": "nix-systems",
        "repo": "default",
        "type": "github"
      }
    },
    "systems_2": {
      "locked": {
        "lastModified": 1681028828,
        "narHash": "sha256-Vy1rq5AaRuLzOxct8nz4T6wlgyUR7zLU309k9mBC768=",
        "owner": "nix-systems",
        "repo": "default",
        "rev": "da67096a3b9bf56a91d16901293e51ba5b49a27e",
        "type": "github"
      },
      "original": {
        "owner": "nix-systems",
        "repo": "default",
        "type": "github"
      }
    }
  },
  "root": "root",
  "version": 7
}
